
Microsoft Visual Studio Solution File, Format Version 12.00
# Visual Studio 15
VisualStudioVersion = 15.0.27821.2
MinimumVisualStudioVersion = 10.0.40219.1
Project("{FAE04EC0-301F-11D3-BF4B-00C04F79EFBC}") = "AlgorithmLibrary", "AlgorithmLibrary\AlgorithmLibrary.csproj", "{C9782A12-A625-4597-9D55-DB0D322799CC}"
EndProject
Global
	GlobalSection(SolutionConfigurationPlatforms) = preSolution
		Debug|Any CPU = Debug|Any CPU
		Release|Any CPU = Release|Any CPU
	EndGlobalSection
	GlobalSection(ProjectConfigurationPlatforms) = postSolution
		{C9782A12-A625-4597-9D55-DB0D322799CC}.Debug|Any CPU.ActiveCfg = Debug|Any CPU
		{C9782A12-A625-4597-9D55-DB0D322799CC}.Debug|Any CPU.Build.0 = Debug|Any CPU
		{C9782A12-A625-4597-9D55-DB0D322799CC}.Release|Any CPU.ActiveCfg = Release|Any CPU
		{C9782A12-A625-4597-9D55-DB0D322799CC}.Release|Any CPU.Build.0 = Release|Any CPU
	EndGlobalSection
	GlobalSection(SolutionProperties) = preSolution
		HideSolutionNode = FALSE
	EndGlobalSection
	GlobalSection(ExtensibilityGlobals) = postSolution
		SolutionGuid = {A3BEC8B2-2DB0-4137-A2FD-ED842FC0E1B3}
	EndGlobalSection
EndGlobal
